// !$*UTF8*$!
{
	archiveVersion = 1;
	classes = {
	};
	objectVersion = 50;
	objects = {

/* Begin PBXBuildFile section */
		DEBEB161264E977C00D84A1B /* AppDelegate.swift in Sources */ = {isa = PBXBuildFile; fileRef = DEBEB160264E977C00D84A1B /* AppDelegate.swift */; };
		DEBEB163264E977C00D84A1B /* SceneDelegate.swift in Sources */ = {isa = PBXBuildFile; fileRef = DEBEB162264E977C00D84A1B /* SceneDelegate.swift */; };
		DEBEB165264E977C00D84A1B /* ViewController.swift in Sources */ = {isa = PBXBuildFile; fileRef = DEBEB164264E977C00D84A1B /* ViewController.swift */; };
		DEBEB168264E977C00D84A1B /* Main.storyboard in Resources */ = {isa = PBXBuildFile; fileRef = DEBEB166264E977C00D84A1B /* Main.storyboard */; };
		DEBEB16A264E977E00D84A1B /* Assets.xcassets in Resources */ = {isa = PBXBuildFile; fileRef = DEBEB169264E977E00D84A1B /* Assets.xcassets */; };
		DEBEB16D264E977E00D84A1B /* LaunchScreen.storyboard in Resources */ = {isa = PBXBuildFile; fileRef = DEBEB16B264E977E00D84A1B /* LaunchScreen.storyboard */; };
		DEBEB175264E97CE00D84A1B /* Sample01.storyboard in Resources */ = {isa = PBXBuildFile; fileRef = DEBEB174264E97CE00D84A1B /* Sample01.storyboard */; };
		DEBEB179264EBBB700D84A1B /* Sample02.storyboard in Resources */ = {isa = PBXBuildFile; fileRef = DEBEB178264EBBB700D84A1B /* Sample02.storyboard */; };
/* End PBXBuildFile section */

/* Begin PBXFileReference section */
		DEBEB15D264E977C00D84A1B /* twitter_Autolayout.app */ = {isa = PBXFileReference; explicitFileType = wrapper.application; includeInIndex = 0; path = twitter_Autolayout.app; sourceTree = BUILT_PRODUCTS_DIR; };
		DEBEB160264E977C00D84A1B /* AppDelegate.swift */ = {isa = PBXFileReference; lastKnownFileType = sourcecode.swift; path = AppDelegate.swift; sourceTree = "<group>"; };
		DEBEB162264E977C00D84A1B /* SceneDelegate.swift */ = {isa = PBXFileReference; lastKnownFileType = sourcecode.swift; path = SceneDelegate.swift; sourceTree = "<group>"; };
		DEBEB164264E977C00D84A1B /* ViewController.swift */ = {isa = PBXFileReference; lastKnownFileType = sourcecode.swift; path = ViewController.swift; sourceTree = "<group>"; };
		DEBEB167264E977C00D84A1B /* Base */ = {isa = PBXFileReference; lastKnownFileType = file.storyboard; name = Base; path = Base.lproj/Main.storyboard; sourceTree = "<group>"; };
		DEBEB169264E977E00D84A1B /* Assets.xcassets */ = {isa = PBXFileReference; lastKnownFileType = folder.assetcatalog; path = Assets.xcassets; sourceTree = "<group>"; };
		DEBEB16C264E977E00D84A1B /* Base */ = {isa = PBXFileReference; lastKnownFileType = file.storyboard; name = Base; path = Base.lproj/LaunchScreen.storyboard; sourceTree = "<group>"; };
		DEBEB16E264E977E00D84A1B /* Info.plist */ = {isa = PBXFileReference; lastKnownFileType = text.plist.xml; path = Info.plist; sourceTree = "<group>"; };
		DEBEB174264E97CE00D84A1B /* Sample01.storyboard */ = {isa = PBXFileReference; lastKnownFileType = file.storyboard; path = Sample01.storyboard; sourceTree = "<group>"; };
		DEBEB178264EBBB700D84A1B /* Sample02.storyboard */ = {isa = PBXFileReference; lastKnownFileType = file.storyboard; path = Sample02.storyboard; sourceTree = "<group>"; };
/* End PBXFileReference section */

/* Begin PBXFrameworksBuildPhase section */
		DEBEB15A264E977C00D84A1B /* Frameworks */ = {
			isa = PBXFrameworksBuildPhase;
			buildActionMask = 2147483647;
			files = (
			);
			runOnlyForDeploymentPostprocessing = 0;
		};
/* End PBXFrameworksBuildPhase section */

/* Begin PBXGroup section */
		DEBEB154264E977C00D84A1B = {
			isa = PBXGroup;
			children = (
				DEBEB15F264E977C00D84A1B /* twitter_Autolayout */,
				DEBEB15E264E977C00D84A1B /* Products */,
			);
			sourceTree = "<group>";
		};
		DEBEB15E264E977C00D84A1B /* Products */ = {
			isa = PBXGroup;
			children = (
				DEBEB15D264E977C00D84A1B /* twitter_Autolayout.app */,
			);
			name = Products;
			sourceTree = "<group>";
		};
		DEBEB15F264E977C00D84A1B /* twitter_Autolayout */ = {
			isa = PBXGroup;
			children = (
				DEBEB160264E977C00D84A1B /* AppDelegate.swift */,
				DEBEB162264E977C00D84A1B /* SceneDelegate.swift */,
				DEBEB164264E977C00D84A1B /* ViewController.swift */,
				DEBEB166264E977C00D84A1B /* Main.storyboard */,
				DEBEB174264E97CE00D84A1B /* Sample01.storyboard */,
				DEBEB178264EBBB700D84A1B /* Sample02.storyboard */,
				DEBEB169264E977E00D84A1B /* Assets.xcassets */,
				DEBEB16B264E977E00D84A1B /* LaunchScreen.storyboard */,
				DEBEB16E264E977E00D84A1B /* Info.plist */,
			);
			path = twitter_Autolayout;
			sourceTree = "<group>";
		};
/* End PBXGroup section */

/* Begin PBXNativeTarget section */
		DEBEB15C264E977C00D84A1B /* twitter_Autolayout */ = {
			isa = PBXNativeTarget;
			buildConfigurationList = DEBEB171264E977E00D84A1B /* Build configuration list for PBXNativeTarget "twitter_Autolayout" */;
			buildPhases = (
				DEBEB159264E977C00D84A1B /* Sources */,
				DEBEB15A264E977C00D84A1B /* Frameworks */,
				DEBEB15B264E977C00D84A1B /* Resources */,
			);
			buildRules = (
			);
			dependencies = (
			);
			name = twitter_Autolayout;
			productName = twitter_Autolayout;
			productReference = DEBEB15D264E977C00D84A1B /* twitter_Autolayout.app */;
			productType = "com.apple.product-type.application";
		};
/* End PBXNativeTarget section */

/* Begin PBXProject section */
		DEBEB155264E977C00D84A1B /* Project object */ = {
			isa = PBXProject;
			attributes = {
				LastSwiftUpdateCheck = 1250;
				LastUpgradeCheck = 1250;
				TargetAttributes = {
					DEBEB15C264E977C00D84A1B = {
						CreatedOnToolsVersion = 12.5;
					};
				};
			};
			buildConfigurationList = DEBEB158264E977C00D84A1B /* Build configuration list for PBXProject "twitter_Autolayout" */;
			compatibilityVersion = "Xcode 9.3";
			developmentRegion = en;
			hasScannedForEncodings = 0;
			knownRegions = (
				en,
				Base,
			);
			mainGroup = DEBEB154264E977C00D84A1B;
			productRefGroup = DEBEB15E264E977C00D84A1B /* Products */;
			projectDirPath = "";
			projectRoot = "";
			targets = (
				DEBEB15C264E977C00D84A1B /* twitter_Autolayout */,
			);
		};
/* End PBXProject section */

/* Begin PBXResourcesBuildPhase section */
		DEBEB15B264E977C00D84A1B /* Resources */ = {
			isa = PBXResourcesBuildPhase;
			buildActionMask = 2147483647;
			files = (
				DEBEB16D264E977E00D84A1B /* LaunchScreen.storyboard in Resources */,
				DEBEB179264EBBB700D84A1B /* Sample02.storyboard in Resources */,
				DEBEB175264E97CE00D84A1B /* Sample01.storyboard in Resources */,
				DEBEB16A264E977E00D84A1B /* Assets.xcassets in Resources */,
				DEBEB168264E977C00D84A1B /* Main.storyboard in Resources */,
			);
			runOnlyForDeploymentPostprocessing = 0;
		};
/* End PBXResourcesBuildPhase section */

/* Begin PBXSourcesBuildPhase section */
		DEBEB159264E977C00D84A1B /* Sources */ = {
			isa = PBXSourcesBuildPhase;
			buildActionMask = 2147483647;
			files = (
				DEBEB165264E977C00D84A1B /* ViewController.swift in Sources */,
				DEBEB161264E977C00D84A1B /* AppDelegate.swift in Sources */,
				DEBEB163264E977C00D84A1B /* SceneDelegate.swift in Sources */,
			);
			runOnlyForDeploymentPostprocessing = 0;
		};
/* End PBXSourcesBuildPhase section */

/* Begin PBXVariantGroup section */
		DEBEB166264E977C00D84A1B /* Main.storyboard */ = {
			isa = PBXVariantGroup;
			children = (
				DEBEB167264E977C00D84A1B /* Base */,
			);
			name = Main.storyboard;
			sourceTree = "<group>";
		};
		DEBEB16B264E977E00D84A1B /* LaunchScreen.storyboard */ = {
			isa = PBXVariantGroup;
			children = (
				DEBEB16C264E977E00D84A1B /* Base */,
			);
			name = LaunchScreen.storyboard;
			sourceTree = "<group>";
		};
/* End PBXVariantGroup section */

/* Begin XCBuildConfiguration section */
		DEBEB16F264E977E00D84A1B /* Debug */ = {
			isa = XCBuildConfiguration;
			buildSettings = {
				ALWAYS_SEARCH_USER_PATHS = NO;
				CLANG_ANALYZER_NONNULL = YES;
				CLANG_ANALYZER_NUMBER_OBJECT_CONVERSION = YES_AGGRESSIVE;
				CLANG_CXX_LANGUAGE_STANDARD = "gnu++14";
				CLANG_CXX_LIBRARY = "libc++";
				CLANG_ENABLE_MODULES = YES;
				CLANG_ENABLE_OBJC_ARC = YES;
				CLANG_ENABLE_OBJC_WEAK = YES;
				CLANG_WARN_BLOCK_CAPTURE_AUTORELEASING = YES;
				CLANG_WARN_BOOL_CONVERSION = YES;
				CLANG_WARN_COMMA = YES;
				CLANG_WARN_CONSTANT_CONVERSION = YES;
				CLANG_WARN_DEPRECATED_OBJC_IMPLEMENTATIONS = YES;
				CLANG_WARN_DIRECT_OBJC_ISA_USAGE = YES_ERROR;
				CLANG_WARN_DOCUMENTATION_COMMENTS = YES;
				CLANG_WARN_EMPTY_BODY = YES;
				CLANG_WARN_ENUM_CONVERSION = YES;
				CLANG_WARN_INFINITE_RECURSION = YES;
				CLANG_WARN_INT_CONVERSION = YES;
				CLANG_WARN_NON_LITERAL_NULL_CONVERSION = YES;
				CLANG_WARN_OBJC_IMPLICIT_RETAIN_SELF = YES;
				CLANG_WARN_OBJC_LITERAL_CONVERSION = YES;
				CLANG_WARN_OBJC_ROOT_CLASS = YES_ERROR;
				CLANG_WARN_QUOTED_INCLUDE_IN_FRAMEWORK_HEADER = YES;
				CLANG_WARN_RANGE_LOOP_ANALYSIS = YES;
				CLANG_WARN_STRICT_PROTOTYPES = YES;
				CLANG_WARN_SUSPICIOUS_MOVE = YES;
				CLANG_WARN_UNGUARDED_AVAILABILITY = YES_AGGRESSIVE;
				CLANG_WARN_UNREACHABLE_CODE = YES;
				CLANG_WARN__DUPLICATE_METHOD_MATCH = YES;
				COPY_PHASE_STRIP = NO;
				DEBUG_INFORMATION_FORMAT = dwarf;
				ENABLE_STRICT_OBJC_MSGSEND = YES;
				ENABLE_TESTABILITY = YES;
				GCC_C_LANGUAGE_STANDARD = gnu11;
				GCC_DYNAMIC_NO_PIC = NO;
				GCC_NO_COMMON_BLOCKS = YES;
				GCC_OPTIMIZATION_LEVEL = 0;
				GCC_PREPROCESSOR_DEFINITIONS = (
					"DEBUG=1",
					"$(inherited)",
				);
				GCC_WARN_64_TO_32_BIT_CONVERSION = YES;
				GCC_WARN_ABOUT_RETURN_TYPE = YES_ERROR;
				GCC_WARN_UNDECLARED_SELECTOR = YES;
				GCC_WARN_UNINITIALIZED_AUTOS = YES_AGGRESSIVE;
				GCC_WARN_UNUSED_FUNCTION = YES;
				GCC_WARN_UNUSED_VARIABLE = YES;
				IPHONEOS_DEPLOYMENT_TARGET = 14.5;
				MTL_ENABLE_DEBUG_INFO = INCLUDE_SOURCE;
				MTL_FAST_MATH = YES;
				ONLY_ACTIVE_ARCH = YES;
				SDKROOT = iphoneos;
				SWIFT_ACTIVE_COMPILATION_CONDITIONS = DEBUG;
				SWIFT_OPTIMIZATION_LEVEL = "-Onone";
			};
			name = Debug;
		};
		DEBEB170264E977E00D84A1B /* Release */ = {
			isa = XCBuildConfiguration;
			buildSettings = {
				ALWAYS_SEARCH_USER_PATHS = NO;
				CLANG_ANALYZER_NONNULL = YES;
				CLANG_ANALYZER_NUMBER_OBJECT_CONVERSION = YES_AGGRESSIVE;
				CLANG_CXX_LANGUAGE_STANDARD = "gnu++14";
				CLANG_CXX_LIBRARY = "libc++";
				CLANG_ENABLE_MODULES = YES;
				CLANG_ENABLE_OBJC_ARC = YES;
				CLANG_ENABLE_OBJC_WEAK = YES;
				CLANG_WARN_BLOCK_CAPTURE_AUTORELEASING = YES;
				CLANG_WARN_BOOL_CONVERSION = YES;
				CLANG_WARN_COMMA = YES;
				CLANG_WARN_CONSTANT_CONVERSION = YES;
				CLANG_WARN_DEPRECATED_OBJC_IMPLEMENTATIONS = YES;
				CLANG_WARN_DIRECT_OBJC_ISA_USAGE = YES_ERROR;
				CLANG_WARN_DOCUMENTATION_COMMENTS = YES;
				CLANG_WARN_EMPTY_BODY = YES;
				CLANG_WARN_ENUM_CONVERSION = YES;
				CLANG_WARN_INFINITE_RECURSION = YES;
				CLANG_WARN_INT_CONVERSION = YES;
				CLANG_WARN_NON_LITERAL_NULL_CONVERSION = YES;
				CLANG_WARN_OBJC_IMPLICIT_RETAIN_SELF = YES;
				CLANG_WARN_OBJC_LITERAL_CONVERSION = YES;
				CLANG_WARN_OBJC_ROOT_CLASS = YES_ERROR;
				CLANG_WARN_QUOTED_INCLUDE_IN_FRAMEWORK_HEADER = YES;
				CLANG_WARN_RANGE_LOOP_ANALYSIS = YES;
				CLANG_WARN_STRICT_PROTOTYPES = YES;
				CLANG_WARN_SUSPICIOUS_MOVE = YES;
				CLANG_WARN_UNGUARDED_AVAILABILITY = YES_AGGRESSIVE;
				CLANG_WARN_UNREACHABLE_CODE = YES;
				CLANG_WARN__DUPLICATE_METHOD_MATCH = YES;
				COPY_PHASE_STRIP = NO;
				DEBUG_INFORMATION_FORMAT = "dwarf-with-dsym";
				ENABLE_NS_ASSERTIONS = NO;
				ENABLE_STRICT_OBJC_MSGSEND = YES;
				GCC_C_LANGUAGE_STANDARD = gnu11;
				GCC_NO_COMMON_BLOCKS = YES;
				GCC_WARN_64_TO_32_BIT_CONVERSION = YES;
				GCC_WARN_ABOUT_RETURN_TYPE = YES_ERROR;
				GCC_WARN_UNDECLARED_SELECTOR = YES;
				GCC_WARN_UNINITIALIZED_AUTOS = YES_AGGRESSIVE;
				GCC_WARN_UNUSED_FUNCTION = YES;
				GCC_WARN_UNUSED_VARIABLE = YES;
				IPHONEOS_DEPLOYMENT_TARGET = 14.5;
				MTL_ENABLE_DEBUG_INFO = NO;
				MTL_FAST_MATH = YES;
				SDKROOT = iphoneos;
				SWIFT_COMPILATION_MODE = wholemodule;
				SWIFT_OPTIMIZATION_LEVEL = "-O";
				VALIDATE_PRODUCT = YES;
			};
			name = Release;
		};
		DEBEB172264E977E00D84A1B /* Debug */ = {
			isa = XCBuildConfiguration;
			buildSettings = {
				ASSETCATALOG_COMPILER_APPICON_NAME = AppIcon;
				ASSETCATALOG_COMPILER_GLOBAL_ACCENT_COLOR_NAME = AccentColor;
				CODE_SIGN_STYLE = Automatic;
				INFOPLIST_FILE = twitter_Autolayout/Info.plist;
				LD_RUNPATH_SEARCH_PATHS = (
					"$(inherited)",
					"@executable_path/Frameworks",
				);
				PRODUCT_BUNDLE_IDENTIFIER = "com.okadai.twitter-Autolayout";
				PRODUCT_NAME = "$(TARGET_NAME)";
				SWIFT_VERSION = 5.0;
				TARGETED_DEVICE_FAMILY = "1,2";
			};
			name = Debug;
		};
		DEBEB173264E977E00D84A1B /* Release */ = {
			isa = XCBuildConfiguration;
			buildSettings = {
				ASSETCATALOG_COMPILER_APPICON_NAME = AppIcon;
				ASSETCATALOG_COMPILER_GLOBAL_ACCENT_COLOR_NAME = AccentColor;
				CODE_SIGN_STYLE = Automatic;
				INFOPLIST_FILE = twitter_Autolayout/Info.plist;
				LD_RUNPATH_SEARCH_PATHS = (
					"$(inherited)",
					"@executable_path/Frameworks",
				);
				PRODUCT_BUNDLE_IDENTIFIER = "com.okadai.twitter-Autolayout";
				PRODUCT_NAME = "$(TARGET_NAME)";
				SWIFT_VERSION = 5.0;
				TARGETED_DEVICE_FAMILY = "1,2";
			};
			name = Release;
		};
/* End XCBuildConfiguration section */

/* Begin XCConfigurationList section */
		DEBEB158264E977C00D84A1B /* Build configuration list for PBXProject "twitter_Autolayout" */ = {
			isa = XCConfigurationList;
			buildConfigurations = (
				DEBEB16F264E977E00D84A1B /* Debug */,
				DEBEB170264E977E00D84A1B /* Release */,
			);
			defaultConfigurationIsVisible = 0;
			defaultConfigurationName = Release;
		};
		DEBEB171264E977E00D84A1B /* Build configuration list for PBXNativeTarget "twitter_Autolayout" */ = {
			isa = XCConfigurationList;
			buildConfigurations = (
				DEBEB172264E977E00D84A1B /* Debug */,
				DEBEB173264E977E00D84A1B /* Release */,
			);
			defaultConfigurationIsVisible = 0;
			defaultConfigurationName = Release;
		};
/* End XCConfigurationList section */
	};
	rootObject = DEBEB155264E977C00D84A1B /* Project object */;
}
